
Microsoft Visual Studio Solution File, Format Version 12.00
# Visual Studio Version 16
VisualStudioVersion = 16.0.30320.27
MinimumVisualStudioVersion = 10.0.40219.1
Project("{FAE04EC0-301F-11D3-BF4B-00C04F79EFBC}") = "Modbus", "Modbus.csproj", "{BC47FEE3-365D-48D8-94E5-5066F42F8897}"
EndProject
Global
	GlobalSection(SolutionConfigurationPlatforms) = preSolution
		Debug|Any CPU = Debug|Any CPU
		Release|Any CPU = Release|Any CPU
	EndGlobalSection
	GlobalSection(ProjectConfigurationPlatforms) = postSolution
		{BC47FEE3-365D-48D8-94E5-5066F42F8897}.Debug|Any CPU.ActiveCfg = Debug|Any CPU
		{BC47FEE3-365D-48D8-94E5-5066F42F8897}.Debug|Any CPU.Build.0 = Debug|Any CPU
		{BC47FEE3-365D-48D8-94E5-5066F42F8897}.Release|Any CPU.ActiveCfg = Release|Any CPU
		{BC47FEE3-365D-48D8-94E5-5066F42F8897}.Release|Any CPU.Build.0 = Release|Any CPU
	EndGlobalSection
	GlobalSection(SolutionProperties) = preSolution
		HideSolutionNode = FALSE
	EndGlobalSection
	GlobalSection(ExtensibilityGlobals) = postSolution
		SolutionGuid = {03431115-0079-42D6-80C3-208418D51BD3}
	EndGlobalSection
EndGlobal
